
Microsoft Visual Studio Solution File, Format Version 12.00
# Visual Studio 15
VisualStudioVersion = 15.0.27428.2037
MinimumVisualStudioVersion = 10.0.40219.1
Project("{FAE04EC0-301F-11D3-BF4B-00C04F79EFBC}") = "pub", "pub\pub.csproj", "{A262BBDA-0396-4D34-B7E5-667DF63A6178}"
EndProject
Global
	GlobalSection(SolutionConfigurationPlatforms) = preSolution
		Debug|Any CPU = Debug|Any CPU
		Release|Any CPU = Release|Any CPU
	EndGlobalSection
	GlobalSection(ProjectConfigurationPlatforms) = postSolution
		{A262BBDA-0396-4D34-B7E5-667DF63A6178}.Debug|Any CPU.ActiveCfg = Debug|Any CPU
		{A262BBDA-0396-4D34-B7E5-667DF63A6178}.Debug|Any CPU.Build.0 = Debug|Any CPU
		{A262BBDA-0396-4D34-B7E5-667DF63A6178}.Release|Any CPU.ActiveCfg = Release|Any CPU
		{A262BBDA-0396-4D34-B7E5-667DF63A6178}.Release|Any CPU.Build.0 = Release|Any CPU
	EndGlobalSection
	GlobalSection(SolutionProperties) = preSolution
		HideSolutionNode = FALSE
	EndGlobalSection
	GlobalSection(ExtensibilityGlobals) = postSolution
		SolutionGuid = {54212ED0-EA37-4204-936A-CC2CE2CB87EC}
	EndGlobalSection
EndGlobal
